
Microsoft Visual Studio Solution File, Format Version 12.00
# Visual Studio 15
VisualStudioVersion = 15.0.26730.16
MinimumVisualStudioVersion = 10.0.40219.1
Project("{F184B08F-C81C-45F6-A57F-5ABD9991F28F}") = "Inventory", "Inventory\Inventory.vbproj", "{2C4CE310-0603-47F2-B8ED-86B4B1DC02AB}"
EndProject
Global
	GlobalSection(SolutionConfigurationPlatforms) = preSolution
		Debug|Any CPU = Debug|Any CPU
		Release|Any CPU = Release|Any CPU
	EndGlobalSection
	GlobalSection(ProjectConfigurationPlatforms) = postSolution
		{2C4CE310-0603-47F2-B8ED-86B4B1DC02AB}.Debug|Any CPU.ActiveCfg = Debug|Any CPU
		{2C4CE310-0603-47F2-B8ED-86B4B1DC02AB}.Debug|Any CPU.Build.0 = Debug|Any CPU
		{2C4CE310-0603-47F2-B8ED-86B4B1DC02AB}.Release|Any CPU.ActiveCfg = Release|Any CPU
		{2C4CE310-0603-47F2-B8ED-86B4B1DC02AB}.Release|Any CPU.Build.0 = Release|Any CPU
	EndGlobalSection
	GlobalSection(SolutionProperties) = preSolution
		HideSolutionNode = FALSE
	EndGlobalSection
	GlobalSection(ExtensibilityGlobals) = postSolution
		SolutionGuid = {0E6A7110-8567-48B0-8580-05D1AF79850D}
	EndGlobalSection
EndGlobal
